
Microsoft Visual Studio Solution File, Format Version 12.00
# Visual Studio 15
VisualStudioVersion = 15.0.28307.329
MinimumVisualStudioVersion = 10.0.40219.1
Project("{FAE04EC0-301F-11D3-BF4B-00C04F79EFBC}") = "jwt-csharp", "jwt-csharp\jwt-csharp.csproj", "{9EF0D35E-1014-46E1-A2C8-AB9B65E0EC24}"
EndProject
Project("{2150E333-8FDC-42A3-9474-1A3956D46DE8}") = "Solution Items", "Solution Items", "{1031D910-652B-4102-AA8C-CC087F49F284}"
	ProjectSection(SolutionItems) = preProject
		readme.txt = readme.txt
	EndProjectSection
EndProject
Project("{FAE04EC0-301F-11D3-BF4B-00C04F79EFBC}") = "jwt-csharp-netcore", "jwt-csharp-netcore\jwt-csharp-netcore.csproj", "{AA8CF598-E430-48E9-8259-BB0F636EB24F}"
EndProject
Global
	GlobalSection(SolutionConfigurationPlatforms) = preSolution
		Debug|Any CPU = Debug|Any CPU
		Release|Any CPU = Release|Any CPU
	EndGlobalSection
	GlobalSection(ProjectConfigurationPlatforms) = postSolution
		{9EF0D35E-1014-46E1-A2C8-AB9B65E0EC24}.Debug|Any CPU.ActiveCfg = Debug|Any CPU
		{9EF0D35E-1014-46E1-A2C8-AB9B65E0EC24}.Debug|Any CPU.Build.0 = Debug|Any CPU
		{9EF0D35E-1014-46E1-A2C8-AB9B65E0EC24}.Release|Any CPU.ActiveCfg = Release|Any CPU
		{9EF0D35E-1014-46E1-A2C8-AB9B65E0EC24}.Release|Any CPU.Build.0 = Release|Any CPU
		{AA8CF598-E430-48E9-8259-BB0F636EB24F}.Debug|Any CPU.ActiveCfg = Debug|Any CPU
		{AA8CF598-E430-48E9-8259-BB0F636EB24F}.Debug|Any CPU.Build.0 = Debug|Any CPU
		{AA8CF598-E430-48E9-8259-BB0F636EB24F}.Release|Any CPU.ActiveCfg = Release|Any CPU
		{AA8CF598-E430-48E9-8259-BB0F636EB24F}.Release|Any CPU.Build.0 = Release|Any CPU
	EndGlobalSection
	GlobalSection(SolutionProperties) = preSolution
		HideSolutionNode = FALSE
	EndGlobalSection
	GlobalSection(ExtensibilityGlobals) = postSolution
		SolutionGuid = {4D08D6CD-FC88-4B79-9D32-128855A589B9}
	EndGlobalSection
EndGlobal
